# This file is automatically @generated by Wally.
# It is not intended for manual editing.
registry = "test"

[[package]]
name = "centau/vide"
version = "0.3.1"
dependencies = []

[[package]]
name = "eduar/ink-packages"
version = "0.1.0"
dependencies = [["charm", "littensy/charm@0.9.0"], ["janitor", "howmanysmall/janitor@1.17.0"], ["promise", "evaera/promise@4.0.0"], ["vide", "centau/vide@0.3.1"], ["vide-charm", "littensy/vide-charm@0.2.0"]]

[[package]]
name = "evaera/promise"
version = "4.0.0"
dependencies = []

[[package]]
name = "howmanysmall/janitor"
version = "1.17.0"
dependencies = [["Promise", "evaera/promise@4.0.0"]]

[[package]]
name = "littensy/charm"
version = "0.9.0"
dependencies = []

[[package]]
name = "littensy/vide-charm"
version = "0.2.0"
dependencies = [["Charm", "littensy/charm@0.9.0"], ["Vide", "centau/vide@0.3.1"]]
